
Microsoft Visual Studio Solution File, Format Version 12.00
# Visual Studio 15
Project("{FAE04EC0-301F-11D3-BF4B-00C04F79EFBC}") = "CommonAD", "CommonAD.csproj", "{6C3B9E69-E458-B6BE-434B-A87B4C895B20}"
EndProject
Project("{FAE04EC0-301F-11D3-BF4B-00C04F79EFBC}") = "PlayerAD", "PlayerAD.csproj", "{70E202B4-5577-8767-C6F0-1E75614EBE32}"
EndProject
Project("{FAE04EC0-301F-11D3-BF4B-00C04F79EFBC}") = "BossAD", "BossAD.csproj", "{190B3145-5348-15E9-49FB-F9DC55CCF4DE}"
EndProject
Project("{FAE04EC0-301F-11D3-BF4B-00C04F79EFBC}") = "Assembly-CSharp", "Assembly-CSharp.csproj", "{C7E99069-1D6F-DC08-2FDC-F1273DB72312}"
EndProject
Project("{FAE04EC0-301F-11D3-BF4B-00C04F79EFBC}") = "UI", "UI.csproj", "{8149457F-876F-D332-5448-C4FCDAE5628C}"
EndProject
Project("{FAE04EC0-301F-11D3-BF4B-00C04F79EFBC}") = "MapAD", "MapAD.csproj", "{AB86444D-3202-02E8-D053-791F327D08C2}"
EndProject
Project("{FAE04EC0-301F-11D3-BF4B-00C04F79EFBC}") = "EnemyAD", "EnemyAD.csproj", "{A1994827-7BEA-90F2-CF1D-A2BC14747C47}"
EndProject
Project("{FAE04EC0-301F-11D3-BF4B-00C04F79EFBC}") = "NpcAD", "NpcAD.csproj", "{00A39037-89B6-AE58-7A91-5506ABA26645}"
EndProject
Project("{FAE04EC0-301F-11D3-BF4B-00C04F79EFBC}") = "Assembly-CSharp-Editor", "Assembly-CSharp-Editor.csproj", "{7C19DE9B-C779-C4F2-030D-3A5C2BFFFD3D}"
EndProject
Global
	GlobalSection(SolutionConfigurationPlatforms) = preSolution
		Debug|Any CPU = Debug|Any CPU
		Release|Any CPU = Release|Any CPU
	EndGlobalSection
	GlobalSection(ProjectConfigurationPlatforms) = postSolution
		{6C3B9E69-E458-B6BE-434B-A87B4C895B20}.Debug|Any CPU.ActiveCfg = Debug|Any CPU
		{6C3B9E69-E458-B6BE-434B-A87B4C895B20}.Debug|Any CPU.Build.0 = Debug|Any CPU
		{6C3B9E69-E458-B6BE-434B-A87B4C895B20}.Release|Any CPU.ActiveCfg = Release|Any CPU
		{6C3B9E69-E458-B6BE-434B-A87B4C895B20}.Release|Any CPU.Build.0 = Release|Any CPU
		{70E202B4-5577-8767-C6F0-1E75614EBE32}.Debug|Any CPU.ActiveCfg = Debug|Any CPU
		{70E202B4-5577-8767-C6F0-1E75614EBE32}.Debug|Any CPU.Build.0 = Debug|Any CPU
		{70E202B4-5577-8767-C6F0-1E75614EBE32}.Release|Any CPU.ActiveCfg = Release|Any CPU
		{70E202B4-5577-8767-C6F0-1E75614EBE32}.Release|Any CPU.Build.0 = Release|Any CPU
		{190B3145-5348-15E9-49FB-F9DC55CCF4DE}.Debug|Any CPU.ActiveCfg = Debug|Any CPU
		{190B3145-5348-15E9-49FB-F9DC55CCF4DE}.Debug|Any CPU.Build.0 = Debug|Any CPU
		{190B3145-5348-15E9-49FB-F9DC55CCF4DE}.Release|Any CPU.ActiveCfg = Release|Any CPU
		{190B3145-5348-15E9-49FB-F9DC55CCF4DE}.Release|Any CPU.Build.0 = Release|Any CPU
		{C7E99069-1D6F-DC08-2FDC-F1273DB72312}.Debug|Any CPU.ActiveCfg = Debug|Any CPU
		{C7E99069-1D6F-DC08-2FDC-F1273DB72312}.Debug|Any CPU.Build.0 = Debug|Any CPU
		{C7E99069-1D6F-DC08-2FDC-F1273DB72312}.Release|Any CPU.ActiveCfg = Release|Any CPU
		{C7E99069-1D6F-DC08-2FDC-F1273DB72312}.Release|Any CPU.Build.0 = Release|Any CPU
		{8149457F-876F-D332-5448-C4FCDAE5628C}.Debug|Any CPU.ActiveCfg = Debug|Any CPU
		{8149457F-876F-D332-5448-C4FCDAE5628C}.Debug|Any CPU.Build.0 = Debug|Any CPU
		{8149457F-876F-D332-5448-C4FCDAE5628C}.Release|Any CPU.ActiveCfg = Release|Any CPU
		{8149457F-876F-D332-5448-C4FCDAE5628C}.Release|Any CPU.Build.0 = Release|Any CPU
		{AB86444D-3202-02E8-D053-791F327D08C2}.Debug|Any CPU.ActiveCfg = Debug|Any CPU
		{AB86444D-3202-02E8-D053-791F327D08C2}.Debug|Any CPU.Build.0 = Debug|Any CPU
		{AB86444D-3202-02E8-D053-791F327D08C2}.Release|Any CPU.ActiveCfg = Release|Any CPU
		{AB86444D-3202-02E8-D053-791F327D08C2}.Release|Any CPU.Build.0 = Release|Any CPU
		{A1994827-7BEA-90F2-CF1D-A2BC14747C47}.Debug|Any CPU.ActiveCfg = Debug|Any CPU
		{A1994827-7BEA-90F2-CF1D-A2BC14747C47}.Debug|Any CPU.Build.0 = Debug|Any CPU
		{A1994827-7BEA-90F2-CF1D-A2BC14747C47}.Release|Any CPU.ActiveCfg = Release|Any CPU
		{A1994827-7BEA-90F2-CF1D-A2BC14747C47}.Release|Any CPU.Build.0 = Release|Any CPU
		{00A39037-89B6-AE58-7A91-5506ABA26645}.Debug|Any CPU.ActiveCfg = Debug|Any CPU
		{00A39037-89B6-AE58-7A91-5506ABA26645}.Debug|Any CPU.Build.0 = Debug|Any CPU
		{00A39037-89B6-AE58-7A91-5506ABA26645}.Release|Any CPU.ActiveCfg = Release|Any CPU
		{00A39037-89B6-AE58-7A91-5506ABA26645}.Release|Any CPU.Build.0 = Release|Any CPU
		{7C19DE9B-C779-C4F2-030D-3A5C2BFFFD3D}.Debug|Any CPU.ActiveCfg = Debug|Any CPU
		{7C19DE9B-C779-C4F2-030D-3A5C2BFFFD3D}.Debug|Any CPU.Build.0 = Debug|Any CPU
		{7C19DE9B-C779-C4F2-030D-3A5C2BFFFD3D}.Release|Any CPU.ActiveCfg = Release|Any CPU
		{7C19DE9B-C779-C4F2-030D-3A5C2BFFFD3D}.Release|Any CPU.Build.0 = Release|Any CPU
	EndGlobalSection
	GlobalSection(SolutionProperties) = preSolution
		HideSolutionNode = FALSE
	EndGlobalSection
EndGlobal
