
Microsoft Visual Studio Solution File, Format Version 12.00
# Visual Studio 15
VisualStudioVersion = 15.0.28307.1062
MinimumVisualStudioVersion = 10.0.40219.1
Project("{FAE04EC0-301F-11D3-BF4B-00C04F79EFBC}") = "CommonAD", "CommonAD.csproj", "{AE75152B-4112-2BF8-63A1-B831CF42BFB9}"
EndProject
Project("{FAE04EC0-301F-11D3-BF4B-00C04F79EFBC}") = "EnemyAD", "EnemyAD.csproj", "{824E2C2E-56A8-F8C1-341D-83D4D43C508F}"
EndProject
Project("{FAE04EC0-301F-11D3-BF4B-00C04F79EFBC}") = "Assembly-CSharp", "Assembly-CSharp.csproj", "{DDC9AFDC-1B8C-175C-CE13-8077CF660E85}"
EndProject
Project("{FAE04EC0-301F-11D3-BF4B-00C04F79EFBC}") = "PlayerAD", "PlayerAD.csproj", "{47B1800F-1DC9-BFD6-43A8-F51BB345D77D}"
EndProject
Project("{FAE04EC0-301F-11D3-BF4B-00C04F79EFBC}") = "UI", "UI.csproj", "{B3A90311-4737-9816-267E-CC3947AEBDAC}"
EndProject
Project("{FAE04EC0-301F-11D3-BF4B-00C04F79EFBC}") = "NpcAD", "NpcAD.csproj", "{DE9C8A8F-EBF4-8B98-67E5-3A0BD080FA38}"
EndProject
Project("{FAE04EC0-301F-11D3-BF4B-00C04F79EFBC}") = "MapAD", "MapAD.csproj", "{AEB8951E-6F05-AB8C-045B-D7FF487FD98A}"
EndProject
Project("{FAE04EC0-301F-11D3-BF4B-00C04F79EFBC}") = "BossAD", "BossAD.csproj", "{D62BB8A6-DBAE-BCA8-BE99-E6B28771B188}"
EndProject
Project("{FAE04EC0-301F-11D3-BF4B-00C04F79EFBC}") = "Assembly-CSharp-Editor", "Assembly-CSharp-Editor.csproj", "{FB6A8368-A0B2-23D8-A3AE-1CD33BA4C3E9}"
EndProject
Global
	GlobalSection(SolutionConfigurationPlatforms) = preSolution
		Debug|Any CPU = Debug|Any CPU
		Release|Any CPU = Release|Any CPU
	EndGlobalSection
	GlobalSection(ProjectConfigurationPlatforms) = postSolution
		{AE75152B-4112-2BF8-63A1-B831CF42BFB9}.Debug|Any CPU.ActiveCfg = Debug|Any CPU
		{AE75152B-4112-2BF8-63A1-B831CF42BFB9}.Debug|Any CPU.Build.0 = Debug|Any CPU
		{AE75152B-4112-2BF8-63A1-B831CF42BFB9}.Release|Any CPU.ActiveCfg = Release|Any CPU
		{AE75152B-4112-2BF8-63A1-B831CF42BFB9}.Release|Any CPU.Build.0 = Release|Any CPU
		{824E2C2E-56A8-F8C1-341D-83D4D43C508F}.Debug|Any CPU.ActiveCfg = Debug|Any CPU
		{824E2C2E-56A8-F8C1-341D-83D4D43C508F}.Debug|Any CPU.Build.0 = Debug|Any CPU
		{824E2C2E-56A8-F8C1-341D-83D4D43C508F}.Release|Any CPU.ActiveCfg = Release|Any CPU
		{824E2C2E-56A8-F8C1-341D-83D4D43C508F}.Release|Any CPU.Build.0 = Release|Any CPU
		{DDC9AFDC-1B8C-175C-CE13-8077CF660E85}.Debug|Any CPU.ActiveCfg = Debug|Any CPU
		{DDC9AFDC-1B8C-175C-CE13-8077CF660E85}.Debug|Any CPU.Build.0 = Debug|Any CPU
		{DDC9AFDC-1B8C-175C-CE13-8077CF660E85}.Release|Any CPU.ActiveCfg = Release|Any CPU
		{DDC9AFDC-1B8C-175C-CE13-8077CF660E85}.Release|Any CPU.Build.0 = Release|Any CPU
		{47B1800F-1DC9-BFD6-43A8-F51BB345D77D}.Debug|Any CPU.ActiveCfg = Debug|Any CPU
		{47B1800F-1DC9-BFD6-43A8-F51BB345D77D}.Debug|Any CPU.Build.0 = Debug|Any CPU
		{47B1800F-1DC9-BFD6-43A8-F51BB345D77D}.Release|Any CPU.ActiveCfg = Release|Any CPU
		{47B1800F-1DC9-BFD6-43A8-F51BB345D77D}.Release|Any CPU.Build.0 = Release|Any CPU
		{B3A90311-4737-9816-267E-CC3947AEBDAC}.Debug|Any CPU.ActiveCfg = Debug|Any CPU
		{B3A90311-4737-9816-267E-CC3947AEBDAC}.Debug|Any CPU.Build.0 = Debug|Any CPU
		{B3A90311-4737-9816-267E-CC3947AEBDAC}.Release|Any CPU.ActiveCfg = Release|Any CPU
		{B3A90311-4737-9816-267E-CC3947AEBDAC}.Release|Any CPU.Build.0 = Release|Any CPU
		{DE9C8A8F-EBF4-8B98-67E5-3A0BD080FA38}.Debug|Any CPU.ActiveCfg = Debug|Any CPU
		{DE9C8A8F-EBF4-8B98-67E5-3A0BD080FA38}.Debug|Any CPU.Build.0 = Debug|Any CPU
		{DE9C8A8F-EBF4-8B98-67E5-3A0BD080FA38}.Release|Any CPU.ActiveCfg = Release|Any CPU
		{DE9C8A8F-EBF4-8B98-67E5-3A0BD080FA38}.Release|Any CPU.Build.0 = Release|Any CPU
		{AEB8951E-6F05-AB8C-045B-D7FF487FD98A}.Debug|Any CPU.ActiveCfg = Debug|Any CPU
		{AEB8951E-6F05-AB8C-045B-D7FF487FD98A}.Debug|Any CPU.Build.0 = Debug|Any CPU
		{AEB8951E-6F05-AB8C-045B-D7FF487FD98A}.Release|Any CPU.ActiveCfg = Release|Any CPU
		{AEB8951E-6F05-AB8C-045B-D7FF487FD98A}.Release|Any CPU.Build.0 = Release|Any CPU
		{D62BB8A6-DBAE-BCA8-BE99-E6B28771B188}.Debug|Any CPU.ActiveCfg = Debug|Any CPU
		{D62BB8A6-DBAE-BCA8-BE99-E6B28771B188}.Debug|Any CPU.Build.0 = Debug|Any CPU
		{D62BB8A6-DBAE-BCA8-BE99-E6B28771B188}.Release|Any CPU.ActiveCfg = Release|Any CPU
		{D62BB8A6-DBAE-BCA8-BE99-E6B28771B188}.Release|Any CPU.Build.0 = Release|Any CPU
		{FB6A8368-A0B2-23D8-A3AE-1CD33BA4C3E9}.Debug|Any CPU.ActiveCfg = Debug|Any CPU
		{FB6A8368-A0B2-23D8-A3AE-1CD33BA4C3E9}.Debug|Any CPU.Build.0 = Debug|Any CPU
		{FB6A8368-A0B2-23D8-A3AE-1CD33BA4C3E9}.Release|Any CPU.ActiveCfg = Release|Any CPU
		{FB6A8368-A0B2-23D8-A3AE-1CD33BA4C3E9}.Release|Any CPU.Build.0 = Release|Any CPU
	EndGlobalSection
	GlobalSection(SolutionProperties) = preSolution
		HideSolutionNode = FALSE
	EndGlobalSection
	GlobalSection(ExtensibilityGlobals) = postSolution
		SolutionGuid = {7A2CEA8B-37C5-4796-B70C-9A95D6E4FE18}
	EndGlobalSection
	GlobalSection(MonoDevelopProperties) = preSolution
		StartupItem = Assembly-CSharp.csproj
	EndGlobalSection
EndGlobal
